// !$*UTF8*$!
{
	archiveVersion = 1;
	classes = {
	};
	objectVersion = 77;
	objects = {

/* Begin PBXBuildFile section */
		3AEDB7212E3B7000007FA843 /* Auth in Frameworks */ = {isa = PBXBuildFile; productRef = 3AEDB7202E3B7000007FA843 /* Auth */; };
		3AEDB7232E3B7000007FA843 /* Functions in Frameworks */ = {isa = PBXBuildFile; productRef = 3AEDB7222E3B7000007FA843 /* Functions */; };
		3AEDB7252E3B7000007FA843 /* PostgREST in Frameworks */ = {isa = PBXBuildFile; productRef = 3AEDB7242E3B7000007FA843 /* PostgREST */; };
		3AEDB7272E3B7000007FA843 /* Realtime in Frameworks */ = {isa = PBXBuildFile; productRef = 3AEDB7262E3B7000007FA843 /* Realtime */; };
		3AEDB7292E3B7000007FA843 /* Storage in Frameworks */ = {isa = PBXBuildFile; productRef = 3AEDB7282E3B7000007FA843 /* Storage */; };
		3AEDB72B2E3B7000007FA843 /* Supabase in Frameworks */ = {isa = PBXBuildFile; productRef = 3AEDB72A2E3B7000007FA843 /* Supabase */; };
		3AEDB7312E3B73E2007FA843 /* SupabaseManager.swift in Sources */ = {isa = PBXBuildFile; fileRef = 3AEDB7302E3B73E2007FA843 /* SupabaseManager.swift */; };
		3AEDB7332E3B76F6007FA843 /* UpdatedRegistrationView.swift in Sources */ = {isa = PBXBuildFile; fileRef = 3AEDB7322E3B76F6007FA843 /* UpdatedRegistrationView.swift */; };
		3AEDB7352E3B7763007FA843 /* Config.swift in Sources */ = {isa = PBXBuildFile; fileRef = 3AEDB7342E3B7763007FA843 /* Config.swift */; };
/* End PBXBuildFile section */

/* Begin PBXContainerItemProxy section */
		3AEDB6F02E3B30C2007FA843 /* PBXContainerItemProxy */ = {
			isa = PBXContainerItemProxy;
			containerPortal = 3AEDB6DA2E3B30BE007FA843 /* Project object */;
			proxyType = 1;
			remoteGlobalIDString = 3AEDB6E12E3B30BF007FA843;
			remoteInfo = "Elder-Ally";
		};
		3AEDB6FA2E3B30C2007FA843 /* PBXContainerItemProxy */ = {
			isa = PBXContainerItemProxy;
			containerPortal = 3AEDB6DA2E3B30BE007FA843 /* Project object */;
			proxyType = 1;
			remoteGlobalIDString = 3AEDB6E12E3B30BF007FA843;
			remoteInfo = "Elder-Ally";
		};
/* End PBXContainerItemProxy section */

/* Begin PBXFileReference section */
		3AEDB6E22E3B30BF007FA843 /* Elder-Ally.app */ = {isa = PBXFileReference; explicitFileType = wrapper.application; includeInIndex = 0; path = "Elder-Ally.app"; sourceTree = BUILT_PRODUCTS_DIR; };
		3AEDB6EF2E3B30C2007FA843 /* Elder-AllyTests.xctest */ = {isa = PBXFileReference; explicitFileType = wrapper.cfbundle; includeInIndex = 0; path = "Elder-AllyTests.xctest"; sourceTree = BUILT_PRODUCTS_DIR; };
		3AEDB6F92E3B30C2007FA843 /* Elder-AllyUITests.xctest */ = {isa = PBXFileReference; explicitFileType = wrapper.cfbundle; includeInIndex = 0; path = "Elder-AllyUITests.xctest"; sourceTree = BUILT_PRODUCTS_DIR; };
		3AEDB7302E3B73E2007FA843 /* SupabaseManager.swift */ = {isa = PBXFileReference; lastKnownFileType = sourcecode.swift; path = SupabaseManager.swift; sourceTree = "<group>"; };
		3AEDB7322E3B76F6007FA843 /* UpdatedRegistrationView.swift */ = {isa = PBXFileReference; lastKnownFileType = sourcecode.swift; path = UpdatedRegistrationView.swift; sourceTree = "<group>"; };
		3AEDB7342E3B7763007FA843 /* Config.swift */ = {isa = PBXFileReference; lastKnownFileType = sourcecode.swift; path = Config.swift; sourceTree = "<group>"; };
/* End PBXFileReference section */

/* Begin PBXFileSystemSynchronizedRootGroup section */
		3AEDB6E42E3B30BF007FA843 /* Elder-Ally */ = {
			isa = PBXFileSystemSynchronizedRootGroup;
			path = "Elder-Ally";
			sourceTree = "<group>";
		};
		3AEDB6F22E3B30C2007FA843 /* Elder-AllyTests */ = {
			isa = PBXFileSystemSynchronizedRootGroup;
			path = "Elder-AllyTests";
			sourceTree = "<group>";
		};
		3AEDB6FC2E3B30C2007FA843 /* Elder-AllyUITests */ = {
			isa = PBXFileSystemSynchronizedRootGroup;
			path = "Elder-AllyUITests";
			sourceTree = "<group>";
		};
/* End PBXFileSystemSynchronizedRootGroup section */

/* Begin PBXFrameworksBuildPhase section */
		3AEDB6DF2E3B30BF007FA843 /* Frameworks */ = {
			isa = PBXFrameworksBuildPhase;
			buildActionMask = 2147483647;
			files = (
				3AEDB7252E3B7000007FA843 /* PostgREST in Frameworks */,
				3AEDB7232E3B7000007FA843 /* Functions in Frameworks */,
				3AEDB72B2E3B7000007FA843 /* Supabase in Frameworks */,
				3AEDB7212E3B7000007FA843 /* Auth in Frameworks */,
				3AEDB7292E3B7000007FA843 /* Storage in Frameworks */,
				3AEDB7272E3B7000007FA843 /* Realtime in Frameworks */,
			);
			runOnlyForDeploymentPostprocessing = 0;
		};
		3AEDB6EC2E3B30C2007FA843 /* Frameworks */ = {
			isa = PBXFrameworksBuildPhase;
			buildActionMask = 2147483647;
			files = (
			);
			runOnlyForDeploymentPostprocessing = 0;
		};
		3AEDB6F62E3B30C2007FA843 /* Frameworks */ = {
			isa = PBXFrameworksBuildPhase;
			buildActionMask = 2147483647;
			files = (
			);
			runOnlyForDeploymentPostprocessing = 0;
		};
/* End PBXFrameworksBuildPhase section */

/* Begin PBXGroup section */
		3AEDB6D92E3B30BE007FA843 = {
			isa = PBXGroup;
			children = (
				3AEDB7322E3B76F6007FA843 /* UpdatedRegistrationView.swift */,
				3AEDB7342E3B7763007FA843 /* Config.swift */,
				3AEDB7302E3B73E2007FA843 /* SupabaseManager.swift */,
				3AEDB6E42E3B30BF007FA843 /* Elder-Ally */,
				3AEDB6F22E3B30C2007FA843 /* Elder-AllyTests */,
				3AEDB6FC2E3B30C2007FA843 /* Elder-AllyUITests */,
				3AEDB6E32E3B30BF007FA843 /* Products */,
			);
			sourceTree = "<group>";
		};
		3AEDB6E32E3B30BF007FA843 /* Products */ = {
			isa = PBXGroup;
			children = (
				3AEDB6E22E3B30BF007FA843 /* Elder-Ally.app */,
				3AEDB6EF2E3B30C2007FA843 /* Elder-AllyTests.xctest */,
				3AEDB6F92E3B30C2007FA843 /* Elder-AllyUITests.xctest */,
			);
			name = Products;
			sourceTree = "<group>";
		};
/* End PBXGroup section */

/* Begin PBXNativeTarget section */
		3AEDB6E12E3B30BF007FA843 /* Elder-Ally */ = {
			isa = PBXNativeTarget;
			buildConfigurationList = 3AEDB7032E3B30C2007FA843 /* Build configuration list for PBXNativeTarget "Elder-Ally" */;
			buildPhases = (
				3AEDB6DE2E3B30BF007FA843 /* Sources */,
				3AEDB6DF2E3B30BF007FA843 /* Frameworks */,
				3AEDB6E02E3B30BF007FA843 /* Resources */,
			);
			buildRules = (
			);
			dependencies = (
			);
			fileSystemSynchronizedGroups = (
				3AEDB6E42E3B30BF007FA843 /* Elder-Ally */,
			);
			name = "Elder-Ally";
			packageProductDependencies = (
				3AEDB7202E3B7000007FA843 /* Auth */,
				3AEDB7222E3B7000007FA843 /* Functions */,
				3AEDB7242E3B7000007FA843 /* PostgREST */,
				3AEDB7262E3B7000007FA843 /* Realtime */,
				3AEDB7282E3B7000007FA843 /* Storage */,
				3AEDB72A2E3B7000007FA843 /* Supabase */,
			);
			productName = "Elder-Ally";
			productReference = 3AEDB6E22E3B30BF007FA843 /* Elder-Ally.app */;
			productType = "com.apple.product-type.application";
		};
		3AEDB6EE2E3B30C2007FA843 /* Elder-AllyTests */ = {
			isa = PBXNativeTarget;
			buildConfigurationList = 3AEDB7062E3B30C2007FA843 /* Build configuration list for PBXNativeTarget "Elder-AllyTests" */;
			buildPhases = (
				3AEDB6EB2E3B30C2007FA843 /* Sources */,
				3AEDB6EC2E3B30C2007FA843 /* Frameworks */,
				3AEDB6ED2E3B30C2007FA843 /* Resources */,
			);
			buildRules = (
			);
			dependencies = (
				3AEDB6F12E3B30C2007FA843 /* PBXTargetDependency */,
			);
			fileSystemSynchronizedGroups = (
				3AEDB6F22E3B30C2007FA843 /* Elder-AllyTests */,
			);
			name = "Elder-AllyTests";
			packageProductDependencies = (
			);
			productName = "Elder-AllyTests";
			productReference = 3AEDB6EF2E3B30C2007FA843 /* Elder-AllyTests.xctest */;
			productType = "com.apple.product-type.bundle.unit-test";
		};
		3AEDB6F82E3B30C2007FA843 /* Elder-AllyUITests */ = {
			isa = PBXNativeTarget;
			buildConfigurationList = 3AEDB7092E3B30C2007FA843 /* Build configuration list for PBXNativeTarget "Elder-AllyUITests" */;
			buildPhases = (
				3AEDB6F52E3B30C2007FA843 /* Sources */,
				3AEDB6F62E3B30C2007FA843 /* Frameworks */,
				3AEDB6F72E3B30C2007FA843 /* Resources */,
			);
			buildRules = (
			);
			dependencies = (
				3AEDB6FB2E3B30C2007FA843 /* PBXTargetDependency */,
			);
			fileSystemSynchronizedGroups = (
				3AEDB6FC2E3B30C2007FA843 /* Elder-AllyUITests */,
			);
			name = "Elder-AllyUITests";
			packageProductDependencies = (
			);
			productName = "Elder-AllyUITests";
			productReference = 3AEDB6F92E3B30C2007FA843 /* Elder-AllyUITests.xctest */;
			productType = "com.apple.product-type.bundle.ui-testing";
		};
/* End PBXNativeTarget section */

/* Begin PBXProject section */
		3AEDB6DA2E3B30BE007FA843 /* Project object */ = {
			isa = PBXProject;
			attributes = {
				BuildIndependentTargetsInParallel = 1;
				LastSwiftUpdateCheck = 1630;
				LastUpgradeCheck = 1630;
				TargetAttributes = {
					3AEDB6E12E3B30BF007FA843 = {
						CreatedOnToolsVersion = 16.3;
					};
					3AEDB6EE2E3B30C2007FA843 = {
						CreatedOnToolsVersion = 16.3;
						TestTargetID = 3AEDB6E12E3B30BF007FA843;
					};
					3AEDB6F82E3B30C2007FA843 = {
						CreatedOnToolsVersion = 16.3;
						TestTargetID = 3AEDB6E12E3B30BF007FA843;
					};
				};
			};
			buildConfigurationList = 3AEDB6DD2E3B30BE007FA843 /* Build configuration list for PBXProject "Elder-Ally" */;
			developmentRegion = en;
			hasScannedForEncodings = 0;
			knownRegions = (
				en,
				Base,
			);
			mainGroup = 3AEDB6D92E3B30BE007FA843;
			minimizedProjectReferenceProxies = 1;
			packageReferences = (
				3AEDB71F2E3B7000007FA843 /* XCRemoteSwiftPackageReference "supabase-swift" */,
			);
			preferredProjectObjectVersion = 77;
			productRefGroup = 3AEDB6E32E3B30BF007FA843 /* Products */;
			projectDirPath = "";
			projectRoot = "";
			targets = (
				3AEDB6E12E3B30BF007FA843 /* Elder-Ally */,
				3AEDB6EE2E3B30C2007FA843 /* Elder-AllyTests */,
				3AEDB6F82E3B30C2007FA843 /* Elder-AllyUITests */,
			);
		};
/* End PBXProject section */

/* Begin PBXResourcesBuildPhase section */
		3AEDB6E02E3B30BF007FA843 /* Resources */ = {
			isa = PBXResourcesBuildPhase;
			buildActionMask = 2147483647;
			files = (
			);
			runOnlyForDeploymentPostprocessing = 0;
		};
		3AEDB6ED2E3B30C2007FA843 /* Resources */ = {
			isa = PBXResourcesBuildPhase;
			buildActionMask = 2147483647;
			files = (
			);
			runOnlyForDeploymentPostprocessing = 0;
		};
		3AEDB6F72E3B30C2007FA843 /* Resources */ = {
			isa = PBXResourcesBuildPhase;
			buildActionMask = 2147483647;
			files = (
			);
			runOnlyForDeploymentPostprocessing = 0;
		};
/* End PBXResourcesBuildPhase section */

/* Begin PBXSourcesBuildPhase section */
		3AEDB6DE2E3B30BF007FA843 /* Sources */ = {
			isa = PBXSourcesBuildPhase;
			buildActionMask = 2147483647;
			files = (
				3AEDB7312E3B73E2007FA843 /* SupabaseManager.swift in Sources */,
				3AEDB7352E3B7763007FA843 /* Config.swift in Sources */,
				3AEDB7332E3B76F6007FA843 /* UpdatedRegistrationView.swift in Sources */,
			);
			runOnlyForDeploymentPostprocessing = 0;
		};
		3AEDB6EB2E3B30C2007FA843 /* Sources */ = {
			isa = PBXSourcesBuildPhase;
			buildActionMask = 2147483647;
			files = (
			);
			runOnlyForDeploymentPostprocessing = 0;
		};
		3AEDB6F52E3B30C2007FA843 /* Sources */ = {
			isa = PBXSourcesBuildPhase;
			buildActionMask = 2147483647;
			files = (
			);
			runOnlyForDeploymentPostprocessing = 0;
		};
/* End PBXSourcesBuildPhase section */

/* Begin PBXTargetDependency section */
		3AEDB6F12E3B30C2007FA843 /* PBXTargetDependency */ = {
			isa = PBXTargetDependency;
			target = 3AEDB6E12E3B30BF007FA843 /* Elder-Ally */;
			targetProxy = 3AEDB6F02E3B30C2007FA843 /* PBXContainerItemProxy */;
		};
		3AEDB6FB2E3B30C2007FA843 /* PBXTargetDependency */ = {
			isa = PBXTargetDependency;
			target = 3AEDB6E12E3B30BF007FA843 /* Elder-Ally */;
			targetProxy = 3AEDB6FA2E3B30C2007FA843 /* PBXContainerItemProxy */;
		};
/* End PBXTargetDependency section */

/* Begin XCBuildConfiguration section */
		3AEDB7012E3B30C2007FA843 /* Debug */ = {
			isa = XCBuildConfiguration;
			buildSettings = {
				ALWAYS_SEARCH_USER_PATHS = NO;
				ASSETCATALOG_COMPILER_GENERATE_SWIFT_ASSET_SYMBOL_EXTENSIONS = YES;
				CLANG_ANALYZER_NONNULL = YES;
				CLANG_ANALYZER_NUMBER_OBJECT_CONVERSION = YES_AGGRESSIVE;
				CLANG_CXX_LANGUAGE_STANDARD = "gnu++20";
				CLANG_ENABLE_MODULES = YES;
				CLANG_ENABLE_OBJC_ARC = YES;
				CLANG_ENABLE_OBJC_WEAK = YES;
				CLANG_WARN_BLOCK_CAPTURE_AUTORELEASING = YES;
				CLANG_WARN_BOOL_CONVERSION = YES;
				CLANG_WARN_COMMA = YES;
				CLANG_WARN_CONSTANT_CONVERSION = YES;
				CLANG_WARN_DEPRECATED_OBJC_IMPLEMENTATIONS = YES;
				CLANG_WARN_DIRECT_OBJC_ISA_USAGE = YES_ERROR;
				CLANG_WARN_DOCUMENTATION_COMMENTS = YES;
				CLANG_WARN_EMPTY_BODY = YES;
				CLANG_WARN_ENUM_CONVERSION = YES;
				CLANG_WARN_INFINITE_RECURSION = YES;
				CLANG_WARN_INT_CONVERSION = YES;
				CLANG_WARN_NON_LITERAL_NULL_CONVERSION = YES;
				CLANG_WARN_OBJC_IMPLICIT_RETAIN_SELF = YES;
				CLANG_WARN_OBJC_LITERAL_CONVERSION = YES;
				CLANG_WARN_OBJC_ROOT_CLASS = YES_ERROR;
				CLANG_WARN_QUOTED_INCLUDE_IN_FRAMEWORK_HEADER = YES;
				CLANG_WARN_RANGE_LOOP_ANALYSIS = YES;
				CLANG_WARN_STRICT_PROTOTYPES = YES;
				CLANG_WARN_SUSPICIOUS_MOVE = YES;
				CLANG_WARN_UNGUARDED_AVAILABILITY = YES_AGGRESSIVE;
				CLANG_WARN_UNREACHABLE_CODE = YES;
				CLANG_WARN__DUPLICATE_METHOD_MATCH = YES;
				COPY_PHASE_STRIP = NO;
				DEBUG_INFORMATION_FORMAT = dwarf;
				ENABLE_STRICT_OBJC_MSGSEND = YES;
				ENABLE_TESTABILITY = YES;
				ENABLE_USER_SCRIPT_SANDBOXING = YES;
				GCC_C_LANGUAGE_STANDARD = gnu17;
				GCC_DYNAMIC_NO_PIC = NO;
				GCC_NO_COMMON_BLOCKS = YES;
				GCC_OPTIMIZATION_LEVEL = 0;
				GCC_PREPROCESSOR_DEFINITIONS = (
					"DEBUG=1",
					"$(inherited)",
				);
				GCC_WARN_64_TO_32_BIT_CONVERSION = YES;
				GCC_WARN_ABOUT_RETURN_TYPE = YES_ERROR;
				GCC_WARN_UNDECLARED_SELECTOR = YES;
				GCC_WARN_UNINITIALIZED_AUTOS = YES_AGGRESSIVE;
				GCC_WARN_UNUSED_FUNCTION = YES;
				GCC_WARN_UNUSED_VARIABLE = YES;
				IPHONEOS_DEPLOYMENT_TARGET = 18.4;
				LOCALIZATION_PREFERS_STRING_CATALOGS = YES;
				MTL_ENABLE_DEBUG_INFO = INCLUDE_SOURCE;
				MTL_FAST_MATH = YES;
				ONLY_ACTIVE_ARCH = YES;
				SDKROOT = iphoneos;
				SWIFT_ACTIVE_COMPILATION_CONDITIONS = "DEBUG $(inherited)";
				SWIFT_OPTIMIZATION_LEVEL = "-Onone";
			};
			name = Debug;
		};
		3AEDB7022E3B30C2007FA843 /* Release */ = {
			isa = XCBuildConfiguration;
			buildSettings = {
				ALWAYS_SEARCH_USER_PATHS = NO;
				ASSETCATALOG_COMPILER_GENERATE_SWIFT_ASSET_SYMBOL_EXTENSIONS = YES;
				CLANG_ANALYZER_NONNULL = YES;
				CLANG_ANALYZER_NUMBER_OBJECT_CONVERSION = YES_AGGRESSIVE;
				CLANG_CXX_LANGUAGE_STANDARD = "gnu++20";
				CLANG_ENABLE_MODULES = YES;
				CLANG_ENABLE_OBJC_ARC = YES;
				CLANG_ENABLE_OBJC_WEAK = YES;
				CLANG_WARN_BLOCK_CAPTURE_AUTORELEASING = YES;
				CLANG_WARN_BOOL_CONVERSION = YES;
				CLANG_WARN_COMMA = YES;
				CLANG_WARN_CONSTANT_CONVERSION = YES;
				CLANG_WARN_DEPRECATED_OBJC_IMPLEMENTATIONS = YES;
				CLANG_WARN_DIRECT_OBJC_ISA_USAGE = YES_ERROR;
				CLANG_WARN_DOCUMENTATION_COMMENTS = YES;
				CLANG_WARN_EMPTY_BODY = YES;
				CLANG_WARN_ENUM_CONVERSION = YES;
				CLANG_WARN_INFINITE_RECURSION = YES;
				CLANG_WARN_INT_CONVERSION = YES;
				CLANG_WARN_NON_LITERAL_NULL_CONVERSION = YES;
				CLANG_WARN_OBJC_IMPLICIT_RETAIN_SELF = YES;
				CLANG_WARN_OBJC_LITERAL_CONVERSION = YES;
				CLANG_WARN_OBJC_ROOT_CLASS = YES_ERROR;
				CLANG_WARN_QUOTED_INCLUDE_IN_FRAMEWORK_HEADER = YES;
				CLANG_WARN_RANGE_LOOP_ANALYSIS = YES;
				CLANG_WARN_STRICT_PROTOTYPES = YES;
				CLANG_WARN_SUSPICIOUS_MOVE = YES;
				CLANG_WARN_UNGUARDED_AVAILABILITY = YES_AGGRESSIVE;
				CLANG_WARN_UNREACHABLE_CODE = YES;
				CLANG_WARN__DUPLICATE_METHOD_MATCH = YES;
				COPY_PHASE_STRIP = NO;
				DEBUG_INFORMATION_FORMAT = "dwarf-with-dsym";
				ENABLE_NS_ASSERTIONS = NO;
				ENABLE_STRICT_OBJC_MSGSEND = YES;
				ENABLE_USER_SCRIPT_SANDBOXING = YES;
				GCC_C_LANGUAGE_STANDARD = gnu17;
				GCC_NO_COMMON_BLOCKS = YES;
				GCC_WARN_64_TO_32_BIT_CONVERSION = YES;
				GCC_WARN_ABOUT_RETURN_TYPE = YES_ERROR;
				GCC_WARN_UNDECLARED_SELECTOR = YES;
				GCC_WARN_UNINITIALIZED_AUTOS = YES_AGGRESSIVE;
				GCC_WARN_UNUSED_FUNCTION = YES;
				GCC_WARN_UNUSED_VARIABLE = YES;
				IPHONEOS_DEPLOYMENT_TARGET = 18.4;
				LOCALIZATION_PREFERS_STRING_CATALOGS = YES;
				MTL_ENABLE_DEBUG_INFO = NO;
				MTL_FAST_MATH = YES;
				SDKROOT = iphoneos;
				SWIFT_COMPILATION_MODE = wholemodule;
				VALIDATE_PRODUCT = YES;
			};
			name = Release;
		};
		3AEDB7042E3B30C2007FA843 /* Debug */ = {
			isa = XCBuildConfiguration;
			buildSettings = {
				ASSETCATALOG_COMPILER_APPICON_NAME = AppIcon;
				ASSETCATALOG_COMPILER_GLOBAL_ACCENT_COLOR_NAME = AccentColor;
				CODE_SIGN_STYLE = Automatic;
				CURRENT_PROJECT_VERSION = 1;
				DEVELOPMENT_TEAM = 96VMBCCX98;
				ENABLE_PREVIEWS = YES;
				GENERATE_INFOPLIST_FILE = YES;
				INFOPLIST_KEY_UIApplicationSceneManifest_Generation = YES;
				INFOPLIST_KEY_UIApplicationSupportsIndirectInputEvents = YES;
				INFOPLIST_KEY_UILaunchScreen_Generation = YES;
				INFOPLIST_KEY_UISupportedInterfaceOrientations_iPad = "UIInterfaceOrientationPortrait UIInterfaceOrientationPortraitUpsideDown UIInterfaceOrientationLandscapeLeft UIInterfaceOrientationLandscapeRight";
				INFOPLIST_KEY_UISupportedInterfaceOrientations_iPhone = "UIInterfaceOrientationPortrait UIInterfaceOrientationLandscapeLeft UIInterfaceOrientationLandscapeRight";
				LD_RUNPATH_SEARCH_PATHS = (
					"$(inherited)",
					"@executable_path/Frameworks",
				);
				MARKETING_VERSION = 1.0;
				PRODUCT_BUNDLE_IDENTIFIER = "Me.Elder-Ally";
				PRODUCT_NAME = "$(TARGET_NAME)";
				SWIFT_EMIT_LOC_STRINGS = YES;
				SWIFT_VERSION = 5.0;
				TARGETED_DEVICE_FAMILY = "1,2";
			};
			name = Debug;
		};
		3AEDB7052E3B30C2007FA843 /* Release */ = {
			isa = XCBuildConfiguration;
			buildSettings = {
				ASSETCATALOG_COMPILER_APPICON_NAME = AppIcon;
				ASSETCATALOG_COMPILER_GLOBAL_ACCENT_COLOR_NAME = AccentColor;
				CODE_SIGN_STYLE = Automatic;
				CURRENT_PROJECT_VERSION = 1;
				DEVELOPMENT_TEAM = 96VMBCCX98;
				ENABLE_PREVIEWS = YES;
				GENERATE_INFOPLIST_FILE = YES;
				INFOPLIST_KEY_UIApplicationSceneManifest_Generation = YES;
				INFOPLIST_KEY_UIApplicationSupportsIndirectInputEvents = YES;
				INFOPLIST_KEY_UILaunchScreen_Generation = YES;
				INFOPLIST_KEY_UISupportedInterfaceOrientations_iPad = "UIInterfaceOrientationPortrait UIInterfaceOrientationPortraitUpsideDown UIInterfaceOrientationLandscapeLeft UIInterfaceOrientationLandscapeRight";
				INFOPLIST_KEY_UISupportedInterfaceOrientations_iPhone = "UIInterfaceOrientationPortrait UIInterfaceOrientationLandscapeLeft UIInterfaceOrientationLandscapeRight";
				LD_RUNPATH_SEARCH_PATHS = (
					"$(inherited)",
					"@executable_path/Frameworks",
				);
				MARKETING_VERSION = 1.0;
				PRODUCT_BUNDLE_IDENTIFIER = "Me.Elder-Ally";
				PRODUCT_NAME = "$(TARGET_NAME)";
				SWIFT_EMIT_LOC_STRINGS = YES;
				SWIFT_VERSION = 5.0;
				TARGETED_DEVICE_FAMILY = "1,2";
			};
			name = Release;
		};
		3AEDB7072E3B30C2007FA843 /* Debug */ = {
			isa = XCBuildConfiguration;
			buildSettings = {
				BUNDLE_LOADER = "$(TEST_HOST)";
				CODE_SIGN_STYLE = Automatic;
				CURRENT_PROJECT_VERSION = 1;
				DEVELOPMENT_TEAM = 96VMBCCX98;
				GENERATE_INFOPLIST_FILE = YES;
				IPHONEOS_DEPLOYMENT_TARGET = 18.4;
				MARKETING_VERSION = 1.0;
				PRODUCT_BUNDLE_IDENTIFIER = "Me.Elder-AllyTests";
				PRODUCT_NAME = "$(TARGET_NAME)";
				SWIFT_EMIT_LOC_STRINGS = NO;
				SWIFT_VERSION = 5.0;
				TARGETED_DEVICE_FAMILY = "1,2";
				TEST_HOST = "$(BUILT_PRODUCTS_DIR)/Elder-Ally.app/$(BUNDLE_EXECUTABLE_FOLDER_PATH)/Elder-Ally";
			};
			name = Debug;
		};
		3AEDB7082E3B30C2007FA843 /* Release */ = {
			isa = XCBuildConfiguration;
			buildSettings = {
				BUNDLE_LOADER = "$(TEST_HOST)";
				CODE_SIGN_STYLE = Automatic;
				CURRENT_PROJECT_VERSION = 1;
				DEVELOPMENT_TEAM = 96VMBCCX98;
				GENERATE_INFOPLIST_FILE = YES;
				IPHONEOS_DEPLOYMENT_TARGET = 18.4;
				MARKETING_VERSION = 1.0;
				PRODUCT_BUNDLE_IDENTIFIER = "Me.Elder-AllyTests";
				PRODUCT_NAME = "$(TARGET_NAME)";
				SWIFT_EMIT_LOC_STRINGS = NO;
				SWIFT_VERSION = 5.0;
				TARGETED_DEVICE_FAMILY = "1,2";
				TEST_HOST = "$(BUILT_PRODUCTS_DIR)/Elder-Ally.app/$(BUNDLE_EXECUTABLE_FOLDER_PATH)/Elder-Ally";
			};
			name = Release;
		};
		3AEDB70A2E3B30C2007FA843 /* Debug */ = {
			isa = XCBuildConfiguration;
			buildSettings = {
				CODE_SIGN_STYLE = Automatic;
				CURRENT_PROJECT_VERSION = 1;
				DEVELOPMENT_TEAM = 96VMBCCX98;
				GENERATE_INFOPLIST_FILE = YES;
				MARKETING_VERSION = 1.0;
				PRODUCT_BUNDLE_IDENTIFIER = "Me.Elder-AllyUITests";
				PRODUCT_NAME = "$(TARGET_NAME)";
				SWIFT_EMIT_LOC_STRINGS = NO;
				SWIFT_VERSION = 5.0;
				TARGETED_DEVICE_FAMILY = "1,2";
				TEST_TARGET_NAME = "Elder-Ally";
			};
			name = Debug;
		};
		3AEDB70B2E3B30C2007FA843 /* Release */ = {
			isa = XCBuildConfiguration;
			buildSettings = {
				CODE_SIGN_STYLE = Automatic;
				CURRENT_PROJECT_VERSION = 1;
				DEVELOPMENT_TEAM = 96VMBCCX98;
				GENERATE_INFOPLIST_FILE = YES;
				MARKETING_VERSION = 1.0;
				PRODUCT_BUNDLE_IDENTIFIER = "Me.Elder-AllyUITests";
				PRODUCT_NAME = "$(TARGET_NAME)";
				SWIFT_EMIT_LOC_STRINGS = NO;
				SWIFT_VERSION = 5.0;
				TARGETED_DEVICE_FAMILY = "1,2";
				TEST_TARGET_NAME = "Elder-Ally";
			};
			name = Release;
		};
/* End XCBuildConfiguration section */

/* Begin XCConfigurationList section */
		3AEDB6DD2E3B30BE007FA843 /* Build configuration list for PBXProject "Elder-Ally" */ = {
			isa = XCConfigurationList;
			buildConfigurations = (
				3AEDB7012E3B30C2007FA843 /* Debug */,
				3AEDB7022E3B30C2007FA843 /* Release */,
			);
			defaultConfigurationIsVisible = 0;
			defaultConfigurationName = Release;
		};
		3AEDB7032E3B30C2007FA843 /* Build configuration list for PBXNativeTarget "Elder-Ally" */ = {
			isa = XCConfigurationList;
			buildConfigurations = (
				3AEDB7042E3B30C2007FA843 /* Debug */,
				3AEDB7052E3B30C2007FA843 /* Release */,
			);
			defaultConfigurationIsVisible = 0;
			defaultConfigurationName = Release;
		};
		3AEDB7062E3B30C2007FA843 /* Build configuration list for PBXNativeTarget "Elder-AllyTests" */ = {
			isa = XCConfigurationList;
			buildConfigurations = (
				3AEDB7072E3B30C2007FA843 /* Debug */,
				3AEDB7082E3B30C2007FA843 /* Release */,
			);
			defaultConfigurationIsVisible = 0;
			defaultConfigurationName = Release;
		};
		3AEDB7092E3B30C2007FA843 /* Build configuration list for PBXNativeTarget "Elder-AllyUITests" */ = {
			isa = XCConfigurationList;
			buildConfigurations = (
				3AEDB70A2E3B30C2007FA843 /* Debug */,
				3AEDB70B2E3B30C2007FA843 /* Release */,
			);
			defaultConfigurationIsVisible = 0;
			defaultConfigurationName = Release;
		};
/* End XCConfigurationList section */

/* Begin XCRemoteSwiftPackageReference section */
		3AEDB71F2E3B7000007FA843 /* XCRemoteSwiftPackageReference "supabase-swift" */ = {
			isa = XCRemoteSwiftPackageReference;
			repositoryURL = "https://github.com/supabase-community/supabase-swift";
			requirement = {
				kind = upToNextMajorVersion;
				minimumVersion = 2.5.1;
			};
		};
/* End XCRemoteSwiftPackageReference section */

/* Begin XCSwiftPackageProductDependency section */
		3AEDB7202E3B7000007FA843 /* Auth */ = {
			isa = XCSwiftPackageProductDependency;
			package = 3AEDB71F2E3B7000007FA843 /* XCRemoteSwiftPackageReference "supabase-swift" */;
			productName = Auth;
		};
		3AEDB7222E3B7000007FA843 /* Functions */ = {
			isa = XCSwiftPackageProductDependency;
			package = 3AEDB71F2E3B7000007FA843 /* XCRemoteSwiftPackageReference "supabase-swift" */;
			productName = Functions;
		};
		3AEDB7242E3B7000007FA843 /* PostgREST */ = {
			isa = XCSwiftPackageProductDependency;
			package = 3AEDB71F2E3B7000007FA843 /* XCRemoteSwiftPackageReference "supabase-swift" */;
			productName = PostgREST;
		};
		3AEDB7262E3B7000007FA843 /* Realtime */ = {
			isa = XCSwiftPackageProductDependency;
			package = 3AEDB71F2E3B7000007FA843 /* XCRemoteSwiftPackageReference "supabase-swift" */;
			productName = Realtime;
		};
		3AEDB7282E3B7000007FA843 /* Storage */ = {
			isa = XCSwiftPackageProductDependency;
			package = 3AEDB71F2E3B7000007FA843 /* XCRemoteSwiftPackageReference "supabase-swift" */;
			productName = Storage;
		};
		3AEDB72A2E3B7000007FA843 /* Supabase */ = {
			isa = XCSwiftPackageProductDependency;
			package = 3AEDB71F2E3B7000007FA843 /* XCRemoteSwiftPackageReference "supabase-swift" */;
			productName = Supabase;
		};
/* End XCSwiftPackageProductDependency section */
	};
	rootObject = 3AEDB6DA2E3B30BE007FA843 /* Project object */;
}
